
Microsoft Visual Studio Solution File, Format Version 12.00
# Visual Studio Version 17
VisualStudioVersion = 17.11.35222.181
MinimumVisualStudioVersion = 10.0.40219.1
Project("{9A19103F-16F7-4668-BE54-9A1E7A4F7556}") = "simplonCine-api-gateway", "simplonCine-api-gateway.csproj", "{23739067-EAA6-48A5-9035-88AAA3B46033}"
EndProject
Project("{FAE04EC0-301F-11D3-BF4B-00C04F79EFBC}") = "simplonCine-api-gateway.tests", "..\simplonCine-api-gateway.tests\simplonCine-api-gateway.tests.csproj", "{ECDFF471-6BBA-4CBA-AF3A-066997765F7E}"
EndProject
Global
	GlobalSection(SolutionConfigurationPlatforms) = preSolution
		Debug|Any CPU = Debug|Any CPU
		Release|Any CPU = Release|Any CPU
	EndGlobalSection
	GlobalSection(ProjectConfigurationPlatforms) = postSolution
		{23739067-EAA6-48A5-9035-88AAA3B46033}.Debug|Any CPU.ActiveCfg = Debug|Any CPU
		{23739067-EAA6-48A5-9035-88AAA3B46033}.Debug|Any CPU.Build.0 = Debug|Any CPU
		{23739067-EAA6-48A5-9035-88AAA3B46033}.Release|Any CPU.ActiveCfg = Release|Any CPU
		{23739067-EAA6-48A5-9035-88AAA3B46033}.Release|Any CPU.Build.0 = Release|Any CPU
		{ECDFF471-6BBA-4CBA-AF3A-066997765F7E}.Debug|Any CPU.ActiveCfg = Debug|Any CPU
		{ECDFF471-6BBA-4CBA-AF3A-066997765F7E}.Debug|Any CPU.Build.0 = Debug|Any CPU
		{ECDFF471-6BBA-4CBA-AF3A-066997765F7E}.Release|Any CPU.ActiveCfg = Release|Any CPU
		{ECDFF471-6BBA-4CBA-AF3A-066997765F7E}.Release|Any CPU.Build.0 = Release|Any CPU
	EndGlobalSection
	GlobalSection(SolutionProperties) = preSolution
		HideSolutionNode = FALSE
	EndGlobalSection
	GlobalSection(ExtensibilityGlobals) = postSolution
		SolutionGuid = {ECE0FC0A-145D-4E6B-9E57-6A7FCE880E7F}
	EndGlobalSection
EndGlobal
